// !$*UTF8*$!
{
	archiveVersion = 1;
	classes = {
	};
	objectVersion = 51;
	objects = {

/* Begin PBXBuildFile section */
		019AE7C925BB1CBF00B24959 /* AppDelegate.swift in Sources */ = {isa = PBXBuildFile; fileRef = 019AE7C825BB1CBF00B24959 /* AppDelegate.swift */; };
		019AE7CB25BB1CBF00B24959 /* SceneDelegate.swift in Sources */ = {isa = PBXBuildFile; fileRef = 019AE7CA25BB1CBF00B24959 /* SceneDelegate.swift */; };
		019AE7CD25BB1CBF00B24959 /* ViewController.swift in Sources */ = {isa = PBXBuildFile; fileRef = 019AE7CC25BB1CBF00B24959 /* ViewController.swift */; };
		019AE7D025BB1CBF00B24959 /* Main.storyboard in Resources */ = {isa = PBXBuildFile; fileRef = 019AE7CE25BB1CBF00B24959 /* Main.storyboard */; };
		019AE7D225BB1CC000B24959 /* Assets.xcassets in Resources */ = {isa = PBXBuildFile; fileRef = 019AE7D125BB1CC000B24959 /* Assets.xcassets */; };
		019AE7D525BB1CC000B24959 /* LaunchScreen.storyboard in Resources */ = {isa = PBXBuildFile; fileRef = 019AE7D325BB1CC000B24959 /* LaunchScreen.storyboard */; };
		81C0016C9D6C9B911451777D /* Pods_Test_OAS.framework in Frameworks */ = {isa = PBXBuildFile; fileRef = 56B2415390B6D334204B7408 /* Pods_Test_OAS.framework */; };
/* End PBXBuildFile section */

/* Begin PBXFileReference section */
		019AE7C525BB1CBF00B24959 /* Test-OAS.app */ = {isa = PBXFileReference; explicitFileType = wrapper.application; includeInIndex = 0; path = "Test-OAS.app"; sourceTree = BUILT_PRODUCTS_DIR; };
		019AE7C825BB1CBF00B24959 /* AppDelegate.swift */ = {isa = PBXFileReference; lastKnownFileType = sourcecode.swift; path = AppDelegate.swift; sourceTree = "<group>"; };
		019AE7CA25BB1CBF00B24959 /* SceneDelegate.swift */ = {isa = PBXFileReference; lastKnownFileType = sourcecode.swift; path = SceneDelegate.swift; sourceTree = "<group>"; };
		019AE7CC25BB1CBF00B24959 /* ViewController.swift */ = {isa = PBXFileReference; lastKnownFileType = sourcecode.swift; path = ViewController.swift; sourceTree = "<group>"; };
		019AE7CF25BB1CBF00B24959 /* Base */ = {isa = PBXFileReference; lastKnownFileType = file.storyboard; name = Base; path = Base.lproj/Main.storyboard; sourceTree = "<group>"; };
		019AE7D125BB1CC000B24959 /* Assets.xcassets */ = {isa = PBXFileReference; lastKnownFileType = folder.assetcatalog; path = Assets.xcassets; sourceTree = "<group>"; };
		019AE7D425BB1CC000B24959 /* Base */ = {isa = PBXFileReference; lastKnownFileType = file.storyboard; name = Base; path = Base.lproj/LaunchScreen.storyboard; sourceTree = "<group>"; };
		019AE7D625BB1CC000B24959 /* Info.plist */ = {isa = PBXFileReference; lastKnownFileType = text.plist.xml; path = Info.plist; sourceTree = "<group>"; };
		56B2415390B6D334204B7408 /* Pods_Test_OAS.framework */ = {isa = PBXFileReference; explicitFileType = wrapper.framework; includeInIndex = 0; path = Pods_Test_OAS.framework; sourceTree = BUILT_PRODUCTS_DIR; };
		C44DA25C770B9036643E0F92 /* Pods-Test-OAS.release.xcconfig */ = {isa = PBXFileReference; includeInIndex = 1; lastKnownFileType = text.xcconfig; name = "Pods-Test-OAS.release.xcconfig"; path = "Target Support Files/Pods-Test-OAS/Pods-Test-OAS.release.xcconfig"; sourceTree = "<group>"; };
		E5E4DE1A425555B9B6D511E5 /* Pods-Test-OAS.debug.xcconfig */ = {isa = PBXFileReference; includeInIndex = 1; lastKnownFileType = text.xcconfig; name = "Pods-Test-OAS.debug.xcconfig"; path = "Target Support Files/Pods-Test-OAS/Pods-Test-OAS.debug.xcconfig"; sourceTree = "<group>"; };
/* End PBXFileReference section */

/* Begin PBXFrameworksBuildPhase section */
		019AE7C225BB1CBF00B24959 /* Frameworks */ = {
			isa = PBXFrameworksBuildPhase;
			buildActionMask = 2147483647;
			files = (
				81C0016C9D6C9B911451777D /* Pods_Test_OAS.framework in Frameworks */,
			);
			runOnlyForDeploymentPostprocessing = 0;
		};
/* End PBXFrameworksBuildPhase section */

/* Begin PBXGroup section */
		019AE7BC25BB1CBF00B24959 = {
			isa = PBXGroup;
			children = (
				019AE7C725BB1CBF00B24959 /* Test-OAS */,
				019AE7C625BB1CBF00B24959 /* Products */,
				0F1AA1DDEE77F6B7CBD3402A /* Pods */,
				954C66F985F958911D9722BA /* Frameworks */,
			);
			sourceTree = "<group>";
		};
		019AE7C625BB1CBF00B24959 /* Products */ = {
			isa = PBXGroup;
			children = (
				019AE7C525BB1CBF00B24959 /* Test-OAS.app */,
			);
			name = Products;
			sourceTree = "<group>";
		};
		019AE7C725BB1CBF00B24959 /* Test-OAS */ = {
			isa = PBXGroup;
			children = (
				019AE7C825BB1CBF00B24959 /* AppDelegate.swift */,
				019AE7CA25BB1CBF00B24959 /* SceneDelegate.swift */,
				019AE7CC25BB1CBF00B24959 /* ViewController.swift */,
				019AE7CE25BB1CBF00B24959 /* Main.storyboard */,
				019AE7D125BB1CC000B24959 /* Assets.xcassets */,
				019AE7D325BB1CC000B24959 /* LaunchScreen.storyboard */,
				019AE7D625BB1CC000B24959 /* Info.plist */,
			);
			path = "Test-OAS";
			sourceTree = "<group>";
		};
		0F1AA1DDEE77F6B7CBD3402A /* Pods */ = {
			isa = PBXGroup;
			children = (
				E5E4DE1A425555B9B6D511E5 /* Pods-Test-OAS.debug.xcconfig */,
				C44DA25C770B9036643E0F92 /* Pods-Test-OAS.release.xcconfig */,
			);
			path = Pods;
			sourceTree = "<group>";
		};
		954C66F985F958911D9722BA /* Frameworks */ = {
			isa = PBXGroup;
			children = (
				56B2415390B6D334204B7408 /* Pods_Test_OAS.framework */,
			);
			name = Frameworks;
			sourceTree = "<group>";
		};
/* End PBXGroup section */

/* Begin PBXNativeTarget section */
		019AE7C425BB1CBF00B24959 /* Test-OAS */ = {
			isa = PBXNativeTarget;
			buildConfigurationList = 019AE7D925BB1CC000B24959 /* Build configuration list for PBXNativeTarget "Test-OAS" */;
			buildPhases = (
				2212BD3F342F0966421F375C /* [CP] Check Pods Manifest.lock */,
				019AE7C125BB1CBF00B24959 /* Sources */,
				019AE7C225BB1CBF00B24959 /* Frameworks */,
				019AE7C325BB1CBF00B24959 /* Resources */,
				88884E8FD12FEC326EFE6F0E /* [CP] Embed Pods Frameworks */,
			);
			buildRules = (
			);
			dependencies = (
			);
			name = "Test-OAS";
			productName = "Test-OAS";
			productReference = 019AE7C525BB1CBF00B24959 /* Test-OAS.app */;
			productType = "com.apple.product-type.application";
		};
/* End PBXNativeTarget section */

/* Begin PBXProject section */
		019AE7BD25BB1CBF00B24959 /* Project object */ = {
			isa = PBXProject;
			attributes = {
				LastSwiftUpdateCheck = 1230;
				LastUpgradeCheck = 1230;
				TargetAttributes = {
					019AE7C425BB1CBF00B24959 = {
						CreatedOnToolsVersion = 12.3;
					};
				};
			};
			buildConfigurationList = 019AE7C025BB1CBF00B24959 /* Build configuration list for PBXProject "Test-OAS" */;
			compatibilityVersion = "Xcode 9.3";
			developmentRegion = en;
			hasScannedForEncodings = 0;
			knownRegions = (
				en,
				Base,
			);
			mainGroup = 019AE7BC25BB1CBF00B24959;
			productRefGroup = 019AE7C625BB1CBF00B24959 /* Products */;
			projectDirPath = "";
			projectRoot = "";
			targets = (
				019AE7C425BB1CBF00B24959 /* Test-OAS */,
			);
		};
/* End PBXProject section */

/* Begin PBXResourcesBuildPhase section */
		019AE7C325BB1CBF00B24959 /* Resources */ = {
			isa = PBXResourcesBuildPhase;
			buildActionMask = 2147483647;
			files = (
				019AE7D525BB1CC000B24959 /* LaunchScreen.storyboard in Resources */,
				019AE7D225BB1CC000B24959 /* Assets.xcassets in Resources */,
				019AE7D025BB1CBF00B24959 /* Main.storyboard in Resources */,
			);
			runOnlyForDeploymentPostprocessing = 0;
		};
/* End PBXResourcesBuildPhase section */

/* Begin PBXShellScriptBuildPhase section */
		2212BD3F342F0966421F375C /* [CP] Check Pods Manifest.lock */ = {
			isa = PBXShellScriptBuildPhase;
			buildActionMask = 2147483647;
			files = (
			);
			inputFileListPaths = (
			);
			inputPaths = (
				"${PODS_PODFILE_DIR_PATH}/Podfile.lock",
				"${PODS_ROOT}/Manifest.lock",
			);
			name = "[CP] Check Pods Manifest.lock";
			outputFileListPaths = (
			);
			outputPaths = (
				"$(DERIVED_FILE_DIR)/Pods-Test-OAS-checkManifestLockResult.txt",
			);
			runOnlyForDeploymentPostprocessing = 0;
			shellPath = /bin/sh;
			shellScript = "diff \"${PODS_PODFILE_DIR_PATH}/Podfile.lock\" \"${PODS_ROOT}/Manifest.lock\" > /dev/null\nif [ $? != 0 ] ; then\n    # print error to STDERR\n    echo \"error: The sandbox is not in sync with the Podfile.lock. Run 'pod install' or update your CocoaPods installation.\" >&2\n    exit 1\nfi\n# This output is used by Xcode 'outputs' to avoid re-running this script phase.\necho \"SUCCESS\" > \"${SCRIPT_OUTPUT_FILE_0}\"\n";
			showEnvVarsInLog = 0;
		};
		88884E8FD12FEC326EFE6F0E /* [CP] Embed Pods Frameworks */ = {
			isa = PBXShellScriptBuildPhase;
			buildActionMask = 2147483647;
			files = (
			);
			inputFileListPaths = (
				"${PODS_ROOT}/Target Support Files/Pods-Test-OAS/Pods-Test-OAS-frameworks-${CONFIGURATION}-input-files.xcfilelist",
			);
			name = "[CP] Embed Pods Frameworks";
			outputFileListPaths = (
				"${PODS_ROOT}/Target Support Files/Pods-Test-OAS/Pods-Test-OAS-frameworks-${CONFIGURATION}-output-files.xcfilelist",
			);
			runOnlyForDeploymentPostprocessing = 0;
			shellPath = /bin/sh;
			shellScript = "\"${PODS_ROOT}/Target Support Files/Pods-Test-OAS/Pods-Test-OAS-frameworks.sh\"\n";
			showEnvVarsInLog = 0;
		};
/* End PBXShellScriptBuildPhase section */

/* Begin PBXSourcesBuildPhase section */
		019AE7C125BB1CBF00B24959 /* Sources */ = {
			isa = PBXSourcesBuildPhase;
			buildActionMask = 2147483647;
			files = (
				019AE7CD25BB1CBF00B24959 /* ViewController.swift in Sources */,
				019AE7C925BB1CBF00B24959 /* AppDelegate.swift in Sources */,
				019AE7CB25BB1CBF00B24959 /* SceneDelegate.swift in Sources */,
			);
			runOnlyForDeploymentPostprocessing = 0;
		};
/* End PBXSourcesBuildPhase section */

/* Begin PBXVariantGroup section */
		019AE7CE25BB1CBF00B24959 /* Main.storyboard */ = {
			isa = PBXVariantGroup;
			children = (
				019AE7CF25BB1CBF00B24959 /* Base */,
			);
			name = Main.storyboard;
			sourceTree = "<group>";
		};
		019AE7D325BB1CC000B24959 /* LaunchScreen.storyboard */ = {
			isa = PBXVariantGroup;
			children = (
				019AE7D425BB1CC000B24959 /* Base */,
			);
			name = LaunchScreen.storyboard;
			sourceTree = "<group>";
		};
/* End PBXVariantGroup section */

/* Begin XCBuildConfiguration section */
		019AE7D725BB1CC000B24959 /* Debug */ = {
			isa = XCBuildConfiguration;
			buildSettings = {
				ALWAYS_SEARCH_USER_PATHS = NO;
				CLANG_ANALYZER_NONNULL = YES;
				CLANG_ANALYZER_NUMBER_OBJECT_CONVERSION = YES_AGGRESSIVE;
				CLANG_CXX_LANGUAGE_STANDARD = "gnu++14";
				CLANG_CXX_LIBRARY = "libc++";
				CLANG_ENABLE_MODULES = YES;
				CLANG_ENABLE_OBJC_ARC = YES;
				CLANG_ENABLE_OBJC_WEAK = YES;
				CLANG_WARN_BLOCK_CAPTURE_AUTORELEASING = YES;
				CLANG_WARN_BOOL_CONVERSION = YES;
				CLANG_WARN_COMMA = YES;
				CLANG_WARN_CONSTANT_CONVERSION = YES;
				CLANG_WARN_DEPRECATED_OBJC_IMPLEMENTATIONS = YES;
				CLANG_WARN_DIRECT_OBJC_ISA_USAGE = YES_ERROR;
				CLANG_WARN_DOCUMENTATION_COMMENTS = YES;
				CLANG_WARN_EMPTY_BODY = YES;
				CLANG_WARN_ENUM_CONVERSION = YES;
				CLANG_WARN_INFINITE_RECURSION = YES;
				CLANG_WARN_INT_CONVERSION = YES;
				CLANG_WARN_NON_LITERAL_NULL_CONVERSION = YES;
				CLANG_WARN_OBJC_IMPLICIT_RETAIN_SELF = YES;
				CLANG_WARN_OBJC_LITERAL_CONVERSION = YES;
				CLANG_WARN_OBJC_ROOT_CLASS = YES_ERROR;
				CLANG_WARN_QUOTED_INCLUDE_IN_FRAMEWORK_HEADER = YES;
				CLANG_WARN_RANGE_LOOP_ANALYSIS = YES;
				CLANG_WARN_STRICT_PROTOTYPES = YES;
				CLANG_WARN_SUSPICIOUS_MOVE = YES;
				CLANG_WARN_UNGUARDED_AVAILABILITY = YES_AGGRESSIVE;
				CLANG_WARN_UNREACHABLE_CODE = YES;
				CLANG_WARN__DUPLICATE_METHOD_MATCH = YES;
				COPY_PHASE_STRIP = NO;
				DEBUG_INFORMATION_FORMAT = dwarf;
				ENABLE_STRICT_OBJC_MSGSEND = YES;
				ENABLE_TESTABILITY = YES;
				GCC_C_LANGUAGE_STANDARD = gnu11;
				GCC_DYNAMIC_NO_PIC = NO;
				GCC_NO_COMMON_BLOCKS = YES;
				GCC_OPTIMIZATION_LEVEL = 0;
				GCC_PREPROCESSOR_DEFINITIONS = (
					"DEBUG=1",
					"$(inherited)",
				);
				GCC_WARN_64_TO_32_BIT_CONVERSION = YES;
				GCC_WARN_ABOUT_RETURN_TYPE = YES_ERROR;
				GCC_WARN_UNDECLARED_SELECTOR = YES;
				GCC_WARN_UNINITIALIZED_AUTOS = YES_AGGRESSIVE;
				GCC_WARN_UNUSED_FUNCTION = YES;
				GCC_WARN_UNUSED_VARIABLE = YES;
				IPHONEOS_DEPLOYMENT_TARGET = 13.0;
				MTL_ENABLE_DEBUG_INFO = INCLUDE_SOURCE;
				MTL_FAST_MATH = YES;
				ONLY_ACTIVE_ARCH = YES;
				SDKROOT = iphoneos;
				SWIFT_ACTIVE_COMPILATION_CONDITIONS = DEBUG;
				SWIFT_OPTIMIZATION_LEVEL = "-Onone";
			};
			name = Debug;
		};
		019AE7D825BB1CC000B24959 /* Release */ = {
			isa = XCBuildConfiguration;
			buildSettings = {
				ALWAYS_SEARCH_USER_PATHS = NO;
				CLANG_ANALYZER_NONNULL = YES;
				CLANG_ANALYZER_NUMBER_OBJECT_CONVERSION = YES_AGGRESSIVE;
				CLANG_CXX_LANGUAGE_STANDARD = "gnu++14";
				CLANG_CXX_LIBRARY = "libc++";
				CLANG_ENABLE_MODULES = YES;
				CLANG_ENABLE_OBJC_ARC = YES;
				CLANG_ENABLE_OBJC_WEAK = YES;
				CLANG_WARN_BLOCK_CAPTURE_AUTORELEASING = YES;
				CLANG_WARN_BOOL_CONVERSION = YES;
				CLANG_WARN_COMMA = YES;
				CLANG_WARN_CONSTANT_CONVERSION = YES;
				CLANG_WARN_DEPRECATED_OBJC_IMPLEMENTATIONS = YES;
				CLANG_WARN_DIRECT_OBJC_ISA_USAGE = YES_ERROR;
				CLANG_WARN_DOCUMENTATION_COMMENTS = YES;
				CLANG_WARN_EMPTY_BODY = YES;
				CLANG_WARN_ENUM_CONVERSION = YES;
				CLANG_WARN_INFINITE_RECURSION = YES;
				CLANG_WARN_INT_CONVERSION = YES;
				CLANG_WARN_NON_LITERAL_NULL_CONVERSION = YES;
				CLANG_WARN_OBJC_IMPLICIT_RETAIN_SELF = YES;
				CLANG_WARN_OBJC_LITERAL_CONVERSION = YES;
				CLANG_WARN_OBJC_ROOT_CLASS = YES_ERROR;
				CLANG_WARN_QUOTED_INCLUDE_IN_FRAMEWORK_HEADER = YES;
				CLANG_WARN_RANGE_LOOP_ANALYSIS = YES;
				CLANG_WARN_STRICT_PROTOTYPES = YES;
				CLANG_WARN_SUSPICIOUS_MOVE = YES;
				CLANG_WARN_UNGUARDED_AVAILABILITY = YES_AGGRESSIVE;
				CLANG_WARN_UNREACHABLE_CODE = YES;
				CLANG_WARN__DUPLICATE_METHOD_MATCH = YES;
				COPY_PHASE_STRIP = NO;
				DEBUG_INFORMATION_FORMAT = "dwarf-with-dsym";
				ENABLE_NS_ASSERTIONS = NO;
				ENABLE_STRICT_OBJC_MSGSEND = YES;
				GCC_C_LANGUAGE_STANDARD = gnu11;
				GCC_NO_COMMON_BLOCKS = YES;
				GCC_WARN_64_TO_32_BIT_CONVERSION = YES;
				GCC_WARN_ABOUT_RETURN_TYPE = YES_ERROR;
				GCC_WARN_UNDECLARED_SELECTOR = YES;
				GCC_WARN_UNINITIALIZED_AUTOS = YES_AGGRESSIVE;
				GCC_WARN_UNUSED_FUNCTION = YES;
				GCC_WARN_UNUSED_VARIABLE = YES;
				IPHONEOS_DEPLOYMENT_TARGET = 13.0;
				MTL_ENABLE_DEBUG_INFO = NO;
				MTL_FAST_MATH = YES;
				SDKROOT = iphoneos;
				SWIFT_COMPILATION_MODE = wholemodule;
				SWIFT_OPTIMIZATION_LEVEL = "-O";
				VALIDATE_PRODUCT = YES;
			};
			name = Release;
		};
		019AE7DA25BB1CC000B24959 /* Debug */ = {
			isa = XCBuildConfiguration;
			baseConfigurationReference = E5E4DE1A425555B9B6D511E5 /* Pods-Test-OAS.debug.xcconfig */;
			buildSettings = {
				ASSETCATALOG_COMPILER_APPICON_NAME = AppIcon;
				ASSETCATALOG_COMPILER_GLOBAL_ACCENT_COLOR_NAME = AccentColor;
				CODE_SIGN_STYLE = Automatic;
				DEVELOPMENT_TEAM = SZNUQDQ9B7;
				INFOPLIST_FILE = "Test-OAS/Info.plist";
				IPHONEOS_DEPLOYMENT_TARGET = 13.0;
				LD_RUNPATH_SEARCH_PATHS = (
					"$(inherited)",
					"@executable_path/Frameworks",
				);
				PRODUCT_BUNDLE_IDENTIFIER = "de.heyfrank.Test-OAS";
				PRODUCT_NAME = "$(TARGET_NAME)";
				SWIFT_VERSION = 5.0;
				TARGETED_DEVICE_FAMILY = "1,2";
			};
			name = Debug;
		};
		019AE7DB25BB1CC000B24959 /* Release */ = {
			isa = XCBuildConfiguration;
			baseConfigurationReference = C44DA25C770B9036643E0F92 /* Pods-Test-OAS.release.xcconfig */;
			buildSettings = {
				ASSETCATALOG_COMPILER_APPICON_NAME = AppIcon;
				ASSETCATALOG_COMPILER_GLOBAL_ACCENT_COLOR_NAME = AccentColor;
				CODE_SIGN_STYLE = Automatic;
				DEVELOPMENT_TEAM = SZNUQDQ9B7;
				INFOPLIST_FILE = "Test-OAS/Info.plist";
				IPHONEOS_DEPLOYMENT_TARGET = 13.0;
				LD_RUNPATH_SEARCH_PATHS = (
					"$(inherited)",
					"@executable_path/Frameworks",
				);
				PRODUCT_BUNDLE_IDENTIFIER = "de.heyfrank.Test-OAS";
				PRODUCT_NAME = "$(TARGET_NAME)";
				SWIFT_VERSION = 5.0;
				TARGETED_DEVICE_FAMILY = "1,2";
			};
			name = Release;
		};
/* End XCBuildConfiguration section */

/* Begin XCConfigurationList section */
		019AE7C025BB1CBF00B24959 /* Build configuration list for PBXProject "Test-OAS" */ = {
			isa = XCConfigurationList;
			buildConfigurations = (
				019AE7D725BB1CC000B24959 /* Debug */,
				019AE7D825BB1CC000B24959 /* Release */,
			);
			defaultConfigurationIsVisible = 0;
			defaultConfigurationName = Release;
		};
		019AE7D925BB1CC000B24959 /* Build configuration list for PBXNativeTarget "Test-OAS" */ = {
			isa = XCConfigurationList;
			buildConfigurations = (
				019AE7DA25BB1CC000B24959 /* Debug */,
				019AE7DB25BB1CC000B24959 /* Release */,
			);
			defaultConfigurationIsVisible = 0;
			defaultConfigurationName = Release;
		};
/* End XCConfigurationList section */
	};
	rootObject = 019AE7BD25BB1CBF00B24959 /* Project object */;
}
