PODS:
  - OpenAPIClient (1.0.0-beta)

DEPENDENCIES:
  - OpenAPIClient (from `OpenAPI/OpenAPIClient.snapshot`)

EXTERNAL SOURCES:
  OpenAPIClient:
    :path: OpenAPI/OpenAPIClient.snapshot

SPEC CHECKSUMS:
  OpenAPIClient: a6caeaf2ecbdff7deeab03bbc3f9fa6a56b27b0e

PODFILE CHECKSUM: 470ece5efed0b5ccc3f94ee39b08bdfcfe8d7a0a

COCOAPODS: 1.10.0
